
Microsoft Visual Studio Solution File, Format Version 12.00
# Visual Studio Version 17
VisualStudioVersion = 17.4.33213.308
MinimumVisualStudioVersion = 10.0.40219.1
Project("{FAE04EC0-301F-11D3-BF4B-00C04F79EFBC}") = "Calculadora", "Calculadora\Calculadora.csproj", "{0840EE1B-0483-40E1-9C4B-22B0746D8D43}"
EndProject
Global
	GlobalSection(SolutionConfigurationPlatforms) = preSolution
		Debug|Any CPU = Debug|Any CPU
		Release|Any CPU = Release|Any CPU
	EndGlobalSection
	GlobalSection(ProjectConfigurationPlatforms) = postSolution
		{0840EE1B-0483-40E1-9C4B-22B0746D8D43}.Debug|Any CPU.ActiveCfg = Debug|Any CPU
		{0840EE1B-0483-40E1-9C4B-22B0746D8D43}.Debug|Any CPU.Build.0 = Debug|Any CPU
		{0840EE1B-0483-40E1-9C4B-22B0746D8D43}.Release|Any CPU.ActiveCfg = Release|Any CPU
		{0840EE1B-0483-40E1-9C4B-22B0746D8D43}.Release|Any CPU.Build.0 = Release|Any CPU
	EndGlobalSection
	GlobalSection(SolutionProperties) = preSolution
		HideSolutionNode = FALSE
	EndGlobalSection
	GlobalSection(ExtensibilityGlobals) = postSolution
		SolutionGuid = {BD03BFCF-1BAC-47B7-9A95-021D5436B637}
	EndGlobalSection
EndGlobal
